
Microsoft Visual Studio Solution File, Format Version 12.00
# Visual Studio 2012
Project("{8BC9CEB8-8B4A-11D0-8D11-00A0C91BC942}") = "AllCplusExercises", "AllCplusExercises\AllCplusExercises.vcxproj", "{257C3DD9-A5DA-4498-9D2C-87E9C8E6A079}"
EndProject
Project("{8BC9CEB8-8B4A-11D0-8D11-00A0C91BC942}") = "MoveBitOperator", "MoveBitOperator\MoveBitOperator.vcxproj", "{63ABA035-8656-4F97-98DF-251451A5C048}"
EndProject
Project("{8BC9CEB8-8B4A-11D0-8D11-00A0C91BC942}") = "OSGCopyOP", "OSGCopyOP\OSGCopyOP.vcxproj", "{4E372C58-1A22-46B3-BDCF-707738E55248}"
EndProject
Project("{8BC9CEB8-8B4A-11D0-8D11-00A0C91BC942}") = "Count30", "Count30\Count30.vcxproj", "{A1D096B4-B43D-4EDC-8308-934C865560CF}"
EndProject
Project("{8BC9CEB8-8B4A-11D0-8D11-00A0C91BC942}") = "SmartPoint", "SmartPoint\SmartPoint.vcxproj", "{B28769B0-C31B-4C81-B7A6-FE801C3D36AD}"
EndProject
Project("{8BC9CEB8-8B4A-11D0-8D11-00A0C91BC942}") = "threadSummary", "threadSummary\threadSummary.vcxproj", "{D4DF41C2-7A07-4CFC-A8AB-3A01589FD60B}"
EndProject
Project("{8BC9CEB8-8B4A-11D0-8D11-00A0C91BC942}") = "PureVisitorDesignPattern", "PureVisitorDesignPattern\PureVisitorDesignPattern.vcxproj", "{40273B29-1187-46CC-AF9C-13DCDA693A37}"
EndProject
Project("{8BC9CEB8-8B4A-11D0-8D11-00A0C91BC942}") = "HUNAN2013-qishuiping", "HUNAN2013-qishuiping\HUNAN2013-qishuiping.vcxproj", "{2649227E-446B-4709-9EF2-5204C0A90235}"
EndProject
Project("{8BC9CEB8-8B4A-11D0-8D11-00A0C91BC942}") = "HUNAN2013-numberOfCorrect", "HUNAN2013-numberOfCorrect\HUNAN2013-numberOfCorrect.vcxproj", "{55B1621A-8344-4DFC-8750-8AF4CD7061D0}"
EndProject
Project("{8BC9CEB8-8B4A-11D0-8D11-00A0C91BC942}") = "HUNAN2013-IfNumberIs17Multi", "HUNAN2013-IfNumberIs17Multi\HUNAN2013-IfNumberIs17Multi.vcxproj", "{52B34AD8-B7B8-4337-95B3-250C8BA30F5A}"
EndProject
Project("{8BC9CEB8-8B4A-11D0-8D11-00A0C91BC942}") = "STDmultimap", "STDmultimap\STDmultimap.vcxproj", "{69022CE1-6738-46DC-8487-7FD0999D9EEF}"
EndProject
Project("{8BC9CEB8-8B4A-11D0-8D11-00A0C91BC942}") = "PrintCrashInfo", "PrintCrashInfo\PrintCrashInfo.vcxproj", "{078F4115-A513-4A4A-AB85-FBB2A3024A7F}"
EndProject
Project("{8BC9CEB8-8B4A-11D0-8D11-00A0C91BC942}") = "Win32YANGPIZHIbackground", "Win32YANGPIZHIbackground\Win32YANGPIZHIbackground.vcxproj", "{E22D604A-B2EB-49DB-9A02-AABE0B56F8CF}"
EndProject
Project("{8BC9CEB8-8B4A-11D0-8D11-00A0C91BC942}") = "HowMFCSaveFile", "HowMFCSaveFile\HowMFCSaveFile.vcxproj", "{82C0F0AB-0648-44A8-B813-EC65D08D1F45}"
EndProject
Project("{FAE04EC0-301F-11D3-BF4B-00C04F79EFBC}") = "CSHARPRichTextBox", "CSHARPRichTextBox\CSHARPRichTextBox.csproj", "{F5A3E0EE-CB36-40F9-8A23-A228B2A28012}"
EndProject
Project("{8BC9CEB8-8B4A-11D0-8D11-00A0C91BC942}") = "SimpleChatServer", "SimpleChatServer\SimpleChatServer.vcxproj", "{DD672A1E-DC96-406D-BB7F-765CE7DCBFA7}"
EndProject
Project("{8BC9CEB8-8B4A-11D0-8D11-00A0C91BC942}") = "FindWindowAndSendMsg", "FindWindowAndSendMsg\FindWindowAndSendMsg.vcxproj", "{5B894A8F-8F49-4462-A1D5-5BF86F5B81F9}"
EndProject
Project("{8BC9CEB8-8B4A-11D0-8D11-00A0C91BC942}") = "RecordExceptionCodeBeforeCrash", "RecordExceptionCodeBeforeCrash\RecordExceptionCodeBeforeCrash.vcxproj", "{652E7380-62D4-447C-BCEE-BE81591BB772}"
EndProject
Global
	GlobalSection(SolutionConfigurationPlatforms) = preSolution
		Debug|Any CPU = Debug|Any CPU
		Debug|Mixed Platforms = Debug|Mixed Platforms
		Debug|Win32 = Debug|Win32
		Release|Any CPU = Release|Any CPU
		Release|Mixed Platforms = Release|Mixed Platforms
		Release|Win32 = Release|Win32
	EndGlobalSection
	GlobalSection(ProjectConfigurationPlatforms) = postSolution
		{257C3DD9-A5DA-4498-9D2C-87E9C8E6A079}.Debug|Any CPU.ActiveCfg = Debug|Win32
		{257C3DD9-A5DA-4498-9D2C-87E9C8E6A079}.Debug|Mixed Platforms.ActiveCfg = Debug|Win32
		{257C3DD9-A5DA-4498-9D2C-87E9C8E6A079}.Debug|Mixed Platforms.Build.0 = Debug|Win32
		{257C3DD9-A5DA-4498-9D2C-87E9C8E6A079}.Debug|Win32.ActiveCfg = Debug|Win32
		{257C3DD9-A5DA-4498-9D2C-87E9C8E6A079}.Debug|Win32.Build.0 = Debug|Win32
		{257C3DD9-A5DA-4498-9D2C-87E9C8E6A079}.Release|Any CPU.ActiveCfg = Release|Win32
		{257C3DD9-A5DA-4498-9D2C-87E9C8E6A079}.Release|Mixed Platforms.ActiveCfg = Release|Win32
		{257C3DD9-A5DA-4498-9D2C-87E9C8E6A079}.Release|Mixed Platforms.Build.0 = Release|Win32
		{257C3DD9-A5DA-4498-9D2C-87E9C8E6A079}.Release|Win32.ActiveCfg = Release|Win32
		{257C3DD9-A5DA-4498-9D2C-87E9C8E6A079}.Release|Win32.Build.0 = Release|Win32
		{63ABA035-8656-4F97-98DF-251451A5C048}.Debug|Any CPU.ActiveCfg = Debug|Win32
		{63ABA035-8656-4F97-98DF-251451A5C048}.Debug|Mixed Platforms.ActiveCfg = Debug|Win32
		{63ABA035-8656-4F97-98DF-251451A5C048}.Debug|Mixed Platforms.Build.0 = Debug|Win32
		{63ABA035-8656-4F97-98DF-251451A5C048}.Debug|Win32.ActiveCfg = Debug|Win32
		{63ABA035-8656-4F97-98DF-251451A5C048}.Debug|Win32.Build.0 = Debug|Win32
		{63ABA035-8656-4F97-98DF-251451A5C048}.Release|Any CPU.ActiveCfg = Release|Win32
		{63ABA035-8656-4F97-98DF-251451A5C048}.Release|Mixed Platforms.ActiveCfg = Release|Win32
		{63ABA035-8656-4F97-98DF-251451A5C048}.Release|Mixed Platforms.Build.0 = Release|Win32
		{63ABA035-8656-4F97-98DF-251451A5C048}.Release|Win32.ActiveCfg = Release|Win32
		{63ABA035-8656-4F97-98DF-251451A5C048}.Release|Win32.Build.0 = Release|Win32
		{4E372C58-1A22-46B3-BDCF-707738E55248}.Debug|Any CPU.ActiveCfg = Debug|Win32
		{4E372C58-1A22-46B3-BDCF-707738E55248}.Debug|Mixed Platforms.ActiveCfg = Debug|Win32
		{4E372C58-1A22-46B3-BDCF-707738E55248}.Debug|Mixed Platforms.Build.0 = Debug|Win32
		{4E372C58-1A22-46B3-BDCF-707738E55248}.Debug|Win32.ActiveCfg = Debug|Win32
		{4E372C58-1A22-46B3-BDCF-707738E55248}.Debug|Win32.Build.0 = Debug|Win32
		{4E372C58-1A22-46B3-BDCF-707738E55248}.Release|Any CPU.ActiveCfg = Release|Win32
		{4E372C58-1A22-46B3-BDCF-707738E55248}.Release|Mixed Platforms.ActiveCfg = Release|Win32
		{4E372C58-1A22-46B3-BDCF-707738E55248}.Release|Mixed Platforms.Build.0 = Release|Win32
		{4E372C58-1A22-46B3-BDCF-707738E55248}.Release|Win32.ActiveCfg = Release|Win32
		{4E372C58-1A22-46B3-BDCF-707738E55248}.Release|Win32.Build.0 = Release|Win32
		{A1D096B4-B43D-4EDC-8308-934C865560CF}.Debug|Any CPU.ActiveCfg = Debug|Win32
		{A1D096B4-B43D-4EDC-8308-934C865560CF}.Debug|Mixed Platforms.ActiveCfg = Debug|Win32
		{A1D096B4-B43D-4EDC-8308-934C865560CF}.Debug|Mixed Platforms.Build.0 = Debug|Win32
		{A1D096B4-B43D-4EDC-8308-934C865560CF}.Debug|Win32.ActiveCfg = Debug|Win32
		{A1D096B4-B43D-4EDC-8308-934C865560CF}.Debug|Win32.Build.0 = Debug|Win32
		{A1D096B4-B43D-4EDC-8308-934C865560CF}.Release|Any CPU.ActiveCfg = Release|Win32
		{A1D096B4-B43D-4EDC-8308-934C865560CF}.Release|Mixed Platforms.ActiveCfg = Release|Win32
		{A1D096B4-B43D-4EDC-8308-934C865560CF}.Release|Mixed Platforms.Build.0 = Release|Win32
		{A1D096B4-B43D-4EDC-8308-934C865560CF}.Release|Win32.ActiveCfg = Release|Win32
		{A1D096B4-B43D-4EDC-8308-934C865560CF}.Release|Win32.Build.0 = Release|Win32
		{B28769B0-C31B-4C81-B7A6-FE801C3D36AD}.Debug|Any CPU.ActiveCfg = Debug|Win32
		{B28769B0-C31B-4C81-B7A6-FE801C3D36AD}.Debug|Mixed Platforms.ActiveCfg = Debug|Win32
		{B28769B0-C31B-4C81-B7A6-FE801C3D36AD}.Debug|Mixed Platforms.Build.0 = Debug|Win32
		{B28769B0-C31B-4C81-B7A6-FE801C3D36AD}.Debug|Win32.ActiveCfg = Debug|Win32
		{B28769B0-C31B-4C81-B7A6-FE801C3D36AD}.Debug|Win32.Build.0 = Debug|Win32
		{B28769B0-C31B-4C81-B7A6-FE801C3D36AD}.Release|Any CPU.ActiveCfg = Release|Win32
		{B28769B0-C31B-4C81-B7A6-FE801C3D36AD}.Release|Mixed Platforms.ActiveCfg = Release|Win32
		{B28769B0-C31B-4C81-B7A6-FE801C3D36AD}.Release|Mixed Platforms.Build.0 = Release|Win32
		{B28769B0-C31B-4C81-B7A6-FE801C3D36AD}.Release|Win32.ActiveCfg = Release|Win32
		{B28769B0-C31B-4C81-B7A6-FE801C3D36AD}.Release|Win32.Build.0 = Release|Win32
		{D4DF41C2-7A07-4CFC-A8AB-3A01589FD60B}.Debug|Any CPU.ActiveCfg = Debug|Win32
		{D4DF41C2-7A07-4CFC-A8AB-3A01589FD60B}.Debug|Mixed Platforms.ActiveCfg = Debug|Win32
		{D4DF41C2-7A07-4CFC-A8AB-3A01589FD60B}.Debug|Mixed Platforms.Build.0 = Debug|Win32
		{D4DF41C2-7A07-4CFC-A8AB-3A01589FD60B}.Debug|Win32.ActiveCfg = Debug|Win32
		{D4DF41C2-7A07-4CFC-A8AB-3A01589FD60B}.Debug|Win32.Build.0 = Debug|Win32
		{D4DF41C2-7A07-4CFC-A8AB-3A01589FD60B}.Release|Any CPU.ActiveCfg = Release|Win32
		{D4DF41C2-7A07-4CFC-A8AB-3A01589FD60B}.Release|Mixed Platforms.ActiveCfg = Release|Win32
		{D4DF41C2-7A07-4CFC-A8AB-3A01589FD60B}.Release|Mixed Platforms.Build.0 = Release|Win32
		{D4DF41C2-7A07-4CFC-A8AB-3A01589FD60B}.Release|Win32.ActiveCfg = Release|Win32
		{D4DF41C2-7A07-4CFC-A8AB-3A01589FD60B}.Release|Win32.Build.0 = Release|Win32
		{40273B29-1187-46CC-AF9C-13DCDA693A37}.Debug|Any CPU.ActiveCfg = Debug|Win32
		{40273B29-1187-46CC-AF9C-13DCDA693A37}.Debug|Mixed Platforms.ActiveCfg = Debug|Win32
		{40273B29-1187-46CC-AF9C-13DCDA693A37}.Debug|Mixed Platforms.Build.0 = Debug|Win32
		{40273B29-1187-46CC-AF9C-13DCDA693A37}.Debug|Win32.ActiveCfg = Debug|Win32
		{40273B29-1187-46CC-AF9C-13DCDA693A37}.Debug|Win32.Build.0 = Debug|Win32
		{40273B29-1187-46CC-AF9C-13DCDA693A37}.Release|Any CPU.ActiveCfg = Release|Win32
		{40273B29-1187-46CC-AF9C-13DCDA693A37}.Release|Mixed Platforms.ActiveCfg = Release|Win32
		{40273B29-1187-46CC-AF9C-13DCDA693A37}.Release|Mixed Platforms.Build.0 = Release|Win32
		{40273B29-1187-46CC-AF9C-13DCDA693A37}.Release|Win32.ActiveCfg = Release|Win32
		{40273B29-1187-46CC-AF9C-13DCDA693A37}.Release|Win32.Build.0 = Release|Win32
		{2649227E-446B-4709-9EF2-5204C0A90235}.Debug|Any CPU.ActiveCfg = Debug|Win32
		{2649227E-446B-4709-9EF2-5204C0A90235}.Debug|Mixed Platforms.ActiveCfg = Debug|Win32
		{2649227E-446B-4709-9EF2-5204C0A90235}.Debug|Mixed Platforms.Build.0 = Debug|Win32
		{2649227E-446B-4709-9EF2-5204C0A90235}.Debug|Win32.ActiveCfg = Debug|Win32
		{2649227E-446B-4709-9EF2-5204C0A90235}.Debug|Win32.Build.0 = Debug|Win32
		{2649227E-446B-4709-9EF2-5204C0A90235}.Release|Any CPU.ActiveCfg = Release|Win32
		{2649227E-446B-4709-9EF2-5204C0A90235}.Release|Mixed Platforms.ActiveCfg = Release|Win32
		{2649227E-446B-4709-9EF2-5204C0A90235}.Release|Mixed Platforms.Build.0 = Release|Win32
		{2649227E-446B-4709-9EF2-5204C0A90235}.Release|Win32.ActiveCfg = Release|Win32
		{2649227E-446B-4709-9EF2-5204C0A90235}.Release|Win32.Build.0 = Release|Win32
		{55B1621A-8344-4DFC-8750-8AF4CD7061D0}.Debug|Any CPU.ActiveCfg = Debug|Win32
		{55B1621A-8344-4DFC-8750-8AF4CD7061D0}.Debug|Mixed Platforms.ActiveCfg = Debug|Win32
		{55B1621A-8344-4DFC-8750-8AF4CD7061D0}.Debug|Mixed Platforms.Build.0 = Debug|Win32
		{55B1621A-8344-4DFC-8750-8AF4CD7061D0}.Debug|Win32.ActiveCfg = Debug|Win32
		{55B1621A-8344-4DFC-8750-8AF4CD7061D0}.Debug|Win32.Build.0 = Debug|Win32
		{55B1621A-8344-4DFC-8750-8AF4CD7061D0}.Release|Any CPU.ActiveCfg = Release|Win32
		{55B1621A-8344-4DFC-8750-8AF4CD7061D0}.Release|Mixed Platforms.ActiveCfg = Release|Win32
		{55B1621A-8344-4DFC-8750-8AF4CD7061D0}.Release|Mixed Platforms.Build.0 = Release|Win32
		{55B1621A-8344-4DFC-8750-8AF4CD7061D0}.Release|Win32.ActiveCfg = Release|Win32
		{55B1621A-8344-4DFC-8750-8AF4CD7061D0}.Release|Win32.Build.0 = Release|Win32
		{52B34AD8-B7B8-4337-95B3-250C8BA30F5A}.Debug|Any CPU.ActiveCfg = Debug|Win32
		{52B34AD8-B7B8-4337-95B3-250C8BA30F5A}.Debug|Mixed Platforms.ActiveCfg = Debug|Win32
		{52B34AD8-B7B8-4337-95B3-250C8BA30F5A}.Debug|Mixed Platforms.Build.0 = Debug|Win32
		{52B34AD8-B7B8-4337-95B3-250C8BA30F5A}.Debug|Win32.ActiveCfg = Debug|Win32
		{52B34AD8-B7B8-4337-95B3-250C8BA30F5A}.Debug|Win32.Build.0 = Debug|Win32
		{52B34AD8-B7B8-4337-95B3-250C8BA30F5A}.Release|Any CPU.ActiveCfg = Release|Win32
		{52B34AD8-B7B8-4337-95B3-250C8BA30F5A}.Release|Mixed Platforms.ActiveCfg = Release|Win32
		{52B34AD8-B7B8-4337-95B3-250C8BA30F5A}.Release|Mixed Platforms.Build.0 = Release|Win32
		{52B34AD8-B7B8-4337-95B3-250C8BA30F5A}.Release|Win32.ActiveCfg = Release|Win32
		{52B34AD8-B7B8-4337-95B3-250C8BA30F5A}.Release|Win32.Build.0 = Release|Win32
		{69022CE1-6738-46DC-8487-7FD0999D9EEF}.Debug|Any CPU.ActiveCfg = Debug|Win32
		{69022CE1-6738-46DC-8487-7FD0999D9EEF}.Debug|Mixed Platforms.ActiveCfg = Debug|Win32
		{69022CE1-6738-46DC-8487-7FD0999D9EEF}.Debug|Mixed Platforms.Build.0 = Debug|Win32
		{69022CE1-6738-46DC-8487-7FD0999D9EEF}.Debug|Win32.ActiveCfg = Debug|Win32
		{69022CE1-6738-46DC-8487-7FD0999D9EEF}.Debug|Win32.Build.0 = Debug|Win32
		{69022CE1-6738-46DC-8487-7FD0999D9EEF}.Release|Any CPU.ActiveCfg = Release|Win32
		{69022CE1-6738-46DC-8487-7FD0999D9EEF}.Release|Mixed Platforms.ActiveCfg = Release|Win32
		{69022CE1-6738-46DC-8487-7FD0999D9EEF}.Release|Mixed Platforms.Build.0 = Release|Win32
		{69022CE1-6738-46DC-8487-7FD0999D9EEF}.Release|Win32.ActiveCfg = Release|Win32
		{69022CE1-6738-46DC-8487-7FD0999D9EEF}.Release|Win32.Build.0 = Release|Win32
		{078F4115-A513-4A4A-AB85-FBB2A3024A7F}.Debug|Any CPU.ActiveCfg = Debug|Win32
		{078F4115-A513-4A4A-AB85-FBB2A3024A7F}.Debug|Mixed Platforms.ActiveCfg = Debug|Win32
		{078F4115-A513-4A4A-AB85-FBB2A3024A7F}.Debug|Mixed Platforms.Build.0 = Debug|Win32
		{078F4115-A513-4A4A-AB85-FBB2A3024A7F}.Debug|Win32.ActiveCfg = Debug|Win32
		{078F4115-A513-4A4A-AB85-FBB2A3024A7F}.Debug|Win32.Build.0 = Debug|Win32
		{078F4115-A513-4A4A-AB85-FBB2A3024A7F}.Release|Any CPU.ActiveCfg = Release|Win32
		{078F4115-A513-4A4A-AB85-FBB2A3024A7F}.Release|Mixed Platforms.ActiveCfg = Release|Win32
		{078F4115-A513-4A4A-AB85-FBB2A3024A7F}.Release|Mixed Platforms.Build.0 = Release|Win32
		{078F4115-A513-4A4A-AB85-FBB2A3024A7F}.Release|Win32.ActiveCfg = Release|Win32
		{078F4115-A513-4A4A-AB85-FBB2A3024A7F}.Release|Win32.Build.0 = Release|Win32
		{E22D604A-B2EB-49DB-9A02-AABE0B56F8CF}.Debug|Any CPU.ActiveCfg = Debug|Win32
		{E22D604A-B2EB-49DB-9A02-AABE0B56F8CF}.Debug|Mixed Platforms.ActiveCfg = Debug|Win32
		{E22D604A-B2EB-49DB-9A02-AABE0B56F8CF}.Debug|Mixed Platforms.Build.0 = Debug|Win32
		{E22D604A-B2EB-49DB-9A02-AABE0B56F8CF}.Debug|Win32.ActiveCfg = Debug|Win32
		{E22D604A-B2EB-49DB-9A02-AABE0B56F8CF}.Debug|Win32.Build.0 = Debug|Win32
		{E22D604A-B2EB-49DB-9A02-AABE0B56F8CF}.Release|Any CPU.ActiveCfg = Release|Win32
		{E22D604A-B2EB-49DB-9A02-AABE0B56F8CF}.Release|Mixed Platforms.ActiveCfg = Release|Win32
		{E22D604A-B2EB-49DB-9A02-AABE0B56F8CF}.Release|Mixed Platforms.Build.0 = Release|Win32
		{E22D604A-B2EB-49DB-9A02-AABE0B56F8CF}.Release|Win32.ActiveCfg = Release|Win32
		{E22D604A-B2EB-49DB-9A02-AABE0B56F8CF}.Release|Win32.Build.0 = Release|Win32
		{82C0F0AB-0648-44A8-B813-EC65D08D1F45}.Debug|Any CPU.ActiveCfg = Debug|Win32
		{82C0F0AB-0648-44A8-B813-EC65D08D1F45}.Debug|Mixed Platforms.ActiveCfg = Debug|Win32
		{82C0F0AB-0648-44A8-B813-EC65D08D1F45}.Debug|Mixed Platforms.Build.0 = Debug|Win32
		{82C0F0AB-0648-44A8-B813-EC65D08D1F45}.Debug|Win32.ActiveCfg = Debug|Win32
		{82C0F0AB-0648-44A8-B813-EC65D08D1F45}.Debug|Win32.Build.0 = Debug|Win32
		{82C0F0AB-0648-44A8-B813-EC65D08D1F45}.Release|Any CPU.ActiveCfg = Release|Win32
		{82C0F0AB-0648-44A8-B813-EC65D08D1F45}.Release|Mixed Platforms.ActiveCfg = Release|Win32
		{82C0F0AB-0648-44A8-B813-EC65D08D1F45}.Release|Mixed Platforms.Build.0 = Release|Win32
		{82C0F0AB-0648-44A8-B813-EC65D08D1F45}.Release|Win32.ActiveCfg = Release|Win32
		{82C0F0AB-0648-44A8-B813-EC65D08D1F45}.Release|Win32.Build.0 = Release|Win32
		{F5A3E0EE-CB36-40F9-8A23-A228B2A28012}.Debug|Any CPU.ActiveCfg = Debug|Any CPU
		{F5A3E0EE-CB36-40F9-8A23-A228B2A28012}.Debug|Any CPU.Build.0 = Debug|Any CPU
		{F5A3E0EE-CB36-40F9-8A23-A228B2A28012}.Debug|Mixed Platforms.ActiveCfg = Debug|Any CPU
		{F5A3E0EE-CB36-40F9-8A23-A228B2A28012}.Debug|Mixed Platforms.Build.0 = Debug|Any CPU
		{F5A3E0EE-CB36-40F9-8A23-A228B2A28012}.Debug|Win32.ActiveCfg = Debug|Any CPU
		{F5A3E0EE-CB36-40F9-8A23-A228B2A28012}.Release|Any CPU.ActiveCfg = Release|Any CPU
		{F5A3E0EE-CB36-40F9-8A23-A228B2A28012}.Release|Any CPU.Build.0 = Release|Any CPU
		{F5A3E0EE-CB36-40F9-8A23-A228B2A28012}.Release|Mixed Platforms.ActiveCfg = Release|Any CPU
		{F5A3E0EE-CB36-40F9-8A23-A228B2A28012}.Release|Mixed Platforms.Build.0 = Release|Any CPU
		{F5A3E0EE-CB36-40F9-8A23-A228B2A28012}.Release|Win32.ActiveCfg = Release|Any CPU
		{DD672A1E-DC96-406D-BB7F-765CE7DCBFA7}.Debug|Any CPU.ActiveCfg = Debug|Win32
		{DD672A1E-DC96-406D-BB7F-765CE7DCBFA7}.Debug|Mixed Platforms.ActiveCfg = Debug|Win32
		{DD672A1E-DC96-406D-BB7F-765CE7DCBFA7}.Debug|Mixed Platforms.Build.0 = Debug|Win32
		{DD672A1E-DC96-406D-BB7F-765CE7DCBFA7}.Debug|Win32.ActiveCfg = Debug|Win32
		{DD672A1E-DC96-406D-BB7F-765CE7DCBFA7}.Debug|Win32.Build.0 = Debug|Win32
		{DD672A1E-DC96-406D-BB7F-765CE7DCBFA7}.Release|Any CPU.ActiveCfg = Release|Win32
		{DD672A1E-DC96-406D-BB7F-765CE7DCBFA7}.Release|Mixed Platforms.ActiveCfg = Release|Win32
		{DD672A1E-DC96-406D-BB7F-765CE7DCBFA7}.Release|Mixed Platforms.Build.0 = Release|Win32
		{DD672A1E-DC96-406D-BB7F-765CE7DCBFA7}.Release|Win32.ActiveCfg = Release|Win32
		{DD672A1E-DC96-406D-BB7F-765CE7DCBFA7}.Release|Win32.Build.0 = Release|Win32
		{5B894A8F-8F49-4462-A1D5-5BF86F5B81F9}.Debug|Any CPU.ActiveCfg = Debug|Win32
		{5B894A8F-8F49-4462-A1D5-5BF86F5B81F9}.Debug|Mixed Platforms.ActiveCfg = Debug|Win32
		{5B894A8F-8F49-4462-A1D5-5BF86F5B81F9}.Debug|Mixed Platforms.Build.0 = Debug|Win32
		{5B894A8F-8F49-4462-A1D5-5BF86F5B81F9}.Debug|Win32.ActiveCfg = Debug|Win32
		{5B894A8F-8F49-4462-A1D5-5BF86F5B81F9}.Debug|Win32.Build.0 = Debug|Win32
		{5B894A8F-8F49-4462-A1D5-5BF86F5B81F9}.Release|Any CPU.ActiveCfg = Release|Win32
		{5B894A8F-8F49-4462-A1D5-5BF86F5B81F9}.Release|Mixed Platforms.ActiveCfg = Release|Win32
		{5B894A8F-8F49-4462-A1D5-5BF86F5B81F9}.Release|Mixed Platforms.Build.0 = Release|Win32
		{5B894A8F-8F49-4462-A1D5-5BF86F5B81F9}.Release|Win32.ActiveCfg = Release|Win32
		{5B894A8F-8F49-4462-A1D5-5BF86F5B81F9}.Release|Win32.Build.0 = Release|Win32
		{652E7380-62D4-447C-BCEE-BE81591BB772}.Debug|Any CPU.ActiveCfg = Debug|Win32
		{652E7380-62D4-447C-BCEE-BE81591BB772}.Debug|Mixed Platforms.ActiveCfg = Debug|Win32
		{652E7380-62D4-447C-BCEE-BE81591BB772}.Debug|Mixed Platforms.Build.0 = Debug|Win32
		{652E7380-62D4-447C-BCEE-BE81591BB772}.Debug|Win32.ActiveCfg = Debug|Win32
		{652E7380-62D4-447C-BCEE-BE81591BB772}.Debug|Win32.Build.0 = Debug|Win32
		{652E7380-62D4-447C-BCEE-BE81591BB772}.Release|Any CPU.ActiveCfg = Release|Win32
		{652E7380-62D4-447C-BCEE-BE81591BB772}.Release|Mixed Platforms.ActiveCfg = Release|Win32
		{652E7380-62D4-447C-BCEE-BE81591BB772}.Release|Mixed Platforms.Build.0 = Release|Win32
		{652E7380-62D4-447C-BCEE-BE81591BB772}.Release|Win32.ActiveCfg = Release|Win32
		{652E7380-62D4-447C-BCEE-BE81591BB772}.Release|Win32.Build.0 = Release|Win32
	EndGlobalSection
	GlobalSection(SolutionProperties) = preSolution
		HideSolutionNode = FALSE
	EndGlobalSection
EndGlobal
